// !$*UTF8*$!
{
	archiveVersion = 1;
	classes = {
	};
	objectVersion = 50;
	objects = {

/* Begin PBXBuildFile section */
		5E90306B243557260017C7A1 /* HealthKit.framework in Frameworks */ = {isa = PBXBuildFile; fileRef = 5E90306A243557260017C7A1 /* HealthKit.framework */; };
		5E90306D24493E810017C7A1 /* ActivityData.swift in Sources */ = {isa = PBXBuildFile; fileRef = 5E90306C24493E810017C7A1 /* ActivityData.swift */; };
		5E93747D2432A90D007AD2EC /* AppDelegate.swift in Sources */ = {isa = PBXBuildFile; fileRef = 5E93747C2432A90D007AD2EC /* AppDelegate.swift */; };
		5E93747F2432A90D007AD2EC /* SceneDelegate.swift in Sources */ = {isa = PBXBuildFile; fileRef = 5E93747E2432A90D007AD2EC /* SceneDelegate.swift */; };
		5E9374812432A90D007AD2EC /* ViewController.swift in Sources */ = {isa = PBXBuildFile; fileRef = 5E9374802432A90D007AD2EC /* ViewController.swift */; };
		5E9374842432A90D007AD2EC /* Main.storyboard in Resources */ = {isa = PBXBuildFile; fileRef = 5E9374822432A90D007AD2EC /* Main.storyboard */; };
		5E9374862432A917007AD2EC /* Assets.xcassets in Resources */ = {isa = PBXBuildFile; fileRef = 5E9374852432A917007AD2EC /* Assets.xcassets */; };
		5E9374892432A917007AD2EC /* LaunchScreen.storyboard in Resources */ = {isa = PBXBuildFile; fileRef = 5E9374872432A917007AD2EC /* LaunchScreen.storyboard */; };
		5E9374942432A918007AD2EC /* Fitness_Tracker__Final_Tests.swift in Sources */ = {isa = PBXBuildFile; fileRef = 5E9374932432A918007AD2EC /* Fitness_Tracker__Final_Tests.swift */; };
/* End PBXBuildFile section */

/* Begin PBXContainerItemProxy section */
		5E9374902432A918007AD2EC /* PBXContainerItemProxy */ = {
			isa = PBXContainerItemProxy;
			containerPortal = 5E9374712432A90C007AD2EC /* Project object */;
			proxyType = 1;
			remoteGlobalIDString = 5E9374782432A90D007AD2EC;
			remoteInfo = "Fitness Tracker (Final)";
		};
/* End PBXContainerItemProxy section */

/* Begin PBXFileReference section */
		5E903068243557250017C7A1 /* Fitness Tracker (Final).entitlements */ = {isa = PBXFileReference; lastKnownFileType = text.plist.entitlements; path = "Fitness Tracker (Final).entitlements"; sourceTree = "<group>"; };
		5E90306A243557260017C7A1 /* HealthKit.framework */ = {isa = PBXFileReference; lastKnownFileType = wrapper.framework; name = HealthKit.framework; path = System/Library/Frameworks/HealthKit.framework; sourceTree = SDKROOT; };
		5E90306C24493E810017C7A1 /* ActivityData.swift */ = {isa = PBXFileReference; lastKnownFileType = sourcecode.swift; path = ActivityData.swift; sourceTree = "<group>"; };
		5E9374792432A90D007AD2EC /* Fitness Tracker (Final).app */ = {isa = PBXFileReference; explicitFileType = wrapper.application; includeInIndex = 0; path = "Fitness Tracker (Final).app"; sourceTree = BUILT_PRODUCTS_DIR; };
		5E93747C2432A90D007AD2EC /* AppDelegate.swift */ = {isa = PBXFileReference; lastKnownFileType = sourcecode.swift; path = AppDelegate.swift; sourceTree = "<group>"; };
		5E93747E2432A90D007AD2EC /* SceneDelegate.swift */ = {isa = PBXFileReference; lastKnownFileType = sourcecode.swift; path = SceneDelegate.swift; sourceTree = "<group>"; };
		5E9374802432A90D007AD2EC /* ViewController.swift */ = {isa = PBXFileReference; lastKnownFileType = sourcecode.swift; path = ViewController.swift; sourceTree = "<group>"; };
		5E9374832432A90D007AD2EC /* Base */ = {isa = PBXFileReference; lastKnownFileType = file.storyboard; name = Base; path = Base.lproj/Main.storyboard; sourceTree = "<group>"; };
		5E9374852432A917007AD2EC /* Assets.xcassets */ = {isa = PBXFileReference; lastKnownFileType = folder.assetcatalog; path = Assets.xcassets; sourceTree = "<group>"; };
		5E9374882432A917007AD2EC /* Base */ = {isa = PBXFileReference; lastKnownFileType = file.storyboard; name = Base; path = Base.lproj/LaunchScreen.storyboard; sourceTree = "<group>"; };
		5E93748A2432A917007AD2EC /* Info.plist */ = {isa = PBXFileReference; lastKnownFileType = text.plist.xml; path = Info.plist; sourceTree = "<group>"; };
		5E93748F2432A918007AD2EC /* Fitness Tracker (Final)Tests.xctest */ = {isa = PBXFileReference; explicitFileType = wrapper.cfbundle; includeInIndex = 0; path = "Fitness Tracker (Final)Tests.xctest"; sourceTree = BUILT_PRODUCTS_DIR; };
		5E9374932432A918007AD2EC /* Fitness_Tracker__Final_Tests.swift */ = {isa = PBXFileReference; lastKnownFileType = sourcecode.swift; path = Fitness_Tracker__Final_Tests.swift; sourceTree = "<group>"; };
		5E9374952432A918007AD2EC /* Info.plist */ = {isa = PBXFileReference; lastKnownFileType = text.plist.xml; path = Info.plist; sourceTree = "<group>"; };
/* End PBXFileReference section */

/* Begin PBXFrameworksBuildPhase section */
		5E9374762432A90D007AD2EC /* Frameworks */ = {
			isa = PBXFrameworksBuildPhase;
			buildActionMask = 2147483647;
			files = (
				5E90306B243557260017C7A1 /* HealthKit.framework in Frameworks */,
			);
			runOnlyForDeploymentPostprocessing = 0;
		};
		5E93748C2432A918007AD2EC /* Frameworks */ = {
			isa = PBXFrameworksBuildPhase;
			buildActionMask = 2147483647;
			files = (
			);
			runOnlyForDeploymentPostprocessing = 0;
		};
/* End PBXFrameworksBuildPhase section */

/* Begin PBXGroup section */
		5E903069243557260017C7A1 /* Frameworks */ = {
			isa = PBXGroup;
			children = (
				5E90306A243557260017C7A1 /* HealthKit.framework */,
			);
			name = Frameworks;
			sourceTree = "<group>";
		};
		5E9374702432A90C007AD2EC = {
			isa = PBXGroup;
			children = (
				5E93747B2432A90D007AD2EC /* Fitness Tracker (Final) */,
				5E9374922432A918007AD2EC /* Fitness Tracker (Final)Tests */,
				5E93747A2432A90D007AD2EC /* Products */,
				5E903069243557260017C7A1 /* Frameworks */,
			);
			sourceTree = "<group>";
		};
		5E93747A2432A90D007AD2EC /* Products */ = {
			isa = PBXGroup;
			children = (
				5E9374792432A90D007AD2EC /* Fitness Tracker (Final).app */,
				5E93748F2432A918007AD2EC /* Fitness Tracker (Final)Tests.xctest */,
			);
			name = Products;
			sourceTree = "<group>";
		};
		5E93747B2432A90D007AD2EC /* Fitness Tracker (Final) */ = {
			isa = PBXGroup;
			children = (
				5E903068243557250017C7A1 /* Fitness Tracker (Final).entitlements */,
				5E93747C2432A90D007AD2EC /* AppDelegate.swift */,
				5E93747E2432A90D007AD2EC /* SceneDelegate.swift */,
				5E9374802432A90D007AD2EC /* ViewController.swift */,
				5E9374822432A90D007AD2EC /* Main.storyboard */,
				5E9374852432A917007AD2EC /* Assets.xcassets */,
				5E9374872432A917007AD2EC /* LaunchScreen.storyboard */,
				5E93748A2432A917007AD2EC /* Info.plist */,
				5E90306C24493E810017C7A1 /* ActivityData.swift */,
			);
			path = "Fitness Tracker (Final)";
			sourceTree = "<group>";
		};
		5E9374922432A918007AD2EC /* Fitness Tracker (Final)Tests */ = {
			isa = PBXGroup;
			children = (
				5E9374932432A918007AD2EC /* Fitness_Tracker__Final_Tests.swift */,
				5E9374952432A918007AD2EC /* Info.plist */,
			);
			path = "Fitness Tracker (Final)Tests";
			sourceTree = "<group>";
		};
/* End PBXGroup section */

/* Begin PBXNativeTarget section */
		5E9374782432A90D007AD2EC /* Fitness Tracker (Final) */ = {
			isa = PBXNativeTarget;
			buildConfigurationList = 5E9374982432A918007AD2EC /* Build configuration list for PBXNativeTarget "Fitness Tracker (Final)" */;
			buildPhases = (
				5E9374752432A90D007AD2EC /* Sources */,
				5E9374762432A90D007AD2EC /* Frameworks */,
				5E9374772432A90D007AD2EC /* Resources */,
			);
			buildRules = (
			);
			dependencies = (
			);
			name = "Fitness Tracker (Final)";
			productName = "Fitness Tracker (Final)";
			productReference = 5E9374792432A90D007AD2EC /* Fitness Tracker (Final).app */;
			productType = "com.apple.product-type.application";
		};
		5E93748E2432A918007AD2EC /* Fitness Tracker (Final)Tests */ = {
			isa = PBXNativeTarget;
			buildConfigurationList = 5E93749B2432A918007AD2EC /* Build configuration list for PBXNativeTarget "Fitness Tracker (Final)Tests" */;
			buildPhases = (
				5E93748B2432A918007AD2EC /* Sources */,
				5E93748C2432A918007AD2EC /* Frameworks */,
				5E93748D2432A918007AD2EC /* Resources */,
			);
			buildRules = (
			);
			dependencies = (
				5E9374912432A918007AD2EC /* PBXTargetDependency */,
			);
			name = "Fitness Tracker (Final)Tests";
			productName = "Fitness Tracker (Final)Tests";
			productReference = 5E93748F2432A918007AD2EC /* Fitness Tracker (Final)Tests.xctest */;
			productType = "com.apple.product-type.bundle.unit-test";
		};
/* End PBXNativeTarget section */

/* Begin PBXProject section */
		5E9374712432A90C007AD2EC /* Project object */ = {
			isa = PBXProject;
			attributes = {
				LastSwiftUpdateCheck = 1130;
				LastUpgradeCheck = 1130;
				ORGANIZATIONNAME = "Siana Kapoor";
				TargetAttributes = {
					5E9374782432A90D007AD2EC = {
						CreatedOnToolsVersion = 11.3.1;
					};
					5E93748E2432A918007AD2EC = {
						CreatedOnToolsVersion = 11.3.1;
						TestTargetID = 5E9374782432A90D007AD2EC;
					};
				};
			};
			buildConfigurationList = 5E9374742432A90C007AD2EC /* Build configuration list for PBXProject "Fitness Tracker (Final)" */;
			compatibilityVersion = "Xcode 9.3";
			developmentRegion = en;
			hasScannedForEncodings = 0;
			knownRegions = (
				en,
				Base,
			);
			mainGroup = 5E9374702432A90C007AD2EC;
			productRefGroup = 5E93747A2432A90D007AD2EC /* Products */;
			projectDirPath = "";
			projectRoot = "";
			targets = (
				5E9374782432A90D007AD2EC /* Fitness Tracker (Final) */,
				5E93748E2432A918007AD2EC /* Fitness Tracker (Final)Tests */,
			);
		};
/* End PBXProject section */

/* Begin PBXResourcesBuildPhase section */
		5E9374772432A90D007AD2EC /* Resources */ = {
			isa = PBXResourcesBuildPhase;
			buildActionMask = 2147483647;
			files = (
				5E9374892432A917007AD2EC /* LaunchScreen.storyboard in Resources */,
				5E9374862432A917007AD2EC /* Assets.xcassets in Resources */,
				5E9374842432A90D007AD2EC /* Main.storyboard in Resources */,
			);
			runOnlyForDeploymentPostprocessing = 0;
		};
		5E93748D2432A918007AD2EC /* Resources */ = {
			isa = PBXResourcesBuildPhase;
			buildActionMask = 2147483647;
			files = (
			);
			runOnlyForDeploymentPostprocessing = 0;
		};
/* End PBXResourcesBuildPhase section */

/* Begin PBXSourcesBuildPhase section */
		5E9374752432A90D007AD2EC /* Sources */ = {
			isa = PBXSourcesBuildPhase;
			buildActionMask = 2147483647;
			files = (
				5E90306D24493E810017C7A1 /* ActivityData.swift in Sources */,
				5E9374812432A90D007AD2EC /* ViewController.swift in Sources */,
				5E93747D2432A90D007AD2EC /* AppDelegate.swift in Sources */,
				5E93747F2432A90D007AD2EC /* SceneDelegate.swift in Sources */,
			);
			runOnlyForDeploymentPostprocessing = 0;
		};
		5E93748B2432A918007AD2EC /* Sources */ = {
			isa = PBXSourcesBuildPhase;
			buildActionMask = 2147483647;
			files = (
				5E9374942432A918007AD2EC /* Fitness_Tracker__Final_Tests.swift in Sources */,
			);
			runOnlyForDeploymentPostprocessing = 0;
		};
/* End PBXSourcesBuildPhase section */

/* Begin PBXTargetDependency section */
		5E9374912432A918007AD2EC /* PBXTargetDependency */ = {
			isa = PBXTargetDependency;
			target = 5E9374782432A90D007AD2EC /* Fitness Tracker (Final) */;
			targetProxy = 5E9374902432A918007AD2EC /* PBXContainerItemProxy */;
		};
/* End PBXTargetDependency section */

/* Begin PBXVariantGroup section */
		5E9374822432A90D007AD2EC /* Main.storyboard */ = {
			isa = PBXVariantGroup;
			children = (
				5E9374832432A90D007AD2EC /* Base */,
			);
			name = Main.storyboard;
			sourceTree = "<group>";
		};
		5E9374872432A917007AD2EC /* LaunchScreen.storyboard */ = {
			isa = PBXVariantGroup;
			children = (
				5E9374882432A917007AD2EC /* Base */,
			);
			name = LaunchScreen.storyboard;
			sourceTree = "<group>";
		};
/* End PBXVariantGroup section */

/* Begin XCBuildConfiguration section */
		5E9374962432A918007AD2EC /* Debug */ = {
			isa = XCBuildConfiguration;
			buildSettings = {
				ALWAYS_SEARCH_USER_PATHS = NO;
				CLANG_ANALYZER_NONNULL = YES;
				CLANG_ANALYZER_NUMBER_OBJECT_CONVERSION = YES_AGGRESSIVE;
				CLANG_CXX_LANGUAGE_STANDARD = "gnu++14";
				CLANG_CXX_LIBRARY = "libc++";
				CLANG_ENABLE_MODULES = YES;
				CLANG_ENABLE_OBJC_ARC = YES;
				CLANG_ENABLE_OBJC_WEAK = YES;
				CLANG_WARN_BLOCK_CAPTURE_AUTORELEASING = YES;
				CLANG_WARN_BOOL_CONVERSION = YES;
				CLANG_WARN_COMMA = YES;
				CLANG_WARN_CONSTANT_CONVERSION = YES;
				CLANG_WARN_DEPRECATED_OBJC_IMPLEMENTATIONS = YES;
				CLANG_WARN_DIRECT_OBJC_ISA_USAGE = YES_ERROR;
				CLANG_WARN_DOCUMENTATION_COMMENTS = YES;
				CLANG_WARN_EMPTY_BODY = YES;
				CLANG_WARN_ENUM_CONVERSION = YES;
				CLANG_WARN_INFINITE_RECURSION = YES;
				CLANG_WARN_INT_CONVERSION = YES;
				CLANG_WARN_NON_LITERAL_NULL_CONVERSION = YES;
				CLANG_WARN_OBJC_IMPLICIT_RETAIN_SELF = YES;
				CLANG_WARN_OBJC_LITERAL_CONVERSION = YES;
				CLANG_WARN_OBJC_ROOT_CLASS = YES_ERROR;
				CLANG_WARN_RANGE_LOOP_ANALYSIS = YES;
				CLANG_WARN_STRICT_PROTOTYPES = YES;
				CLANG_WARN_SUSPICIOUS_MOVE = YES;
				CLANG_WARN_UNGUARDED_AVAILABILITY = YES_AGGRESSIVE;
				CLANG_WARN_UNREACHABLE_CODE = YES;
				CLANG_WARN__DUPLICATE_METHOD_MATCH = YES;
				COPY_PHASE_STRIP = NO;
				DEBUG_INFORMATION_FORMAT = dwarf;
				ENABLE_STRICT_OBJC_MSGSEND = YES;
				ENABLE_TESTABILITY = YES;
				GCC_C_LANGUAGE_STANDARD = gnu11;
				GCC_DYNAMIC_NO_PIC = NO;
				GCC_NO_COMMON_BLOCKS = YES;
				GCC_OPTIMIZATION_LEVEL = 0;
				GCC_PREPROCESSOR_DEFINITIONS = (
					"DEBUG=1",
					"$(inherited)",
				);
				GCC_WARN_64_TO_32_BIT_CONVERSION = YES;
				GCC_WARN_ABOUT_RETURN_TYPE = YES_ERROR;
				GCC_WARN_UNDECLARED_SELECTOR = YES;
				GCC_WARN_UNINITIALIZED_AUTOS = YES_AGGRESSIVE;
				GCC_WARN_UNUSED_FUNCTION = YES;
				GCC_WARN_UNUSED_VARIABLE = YES;
				IPHONEOS_DEPLOYMENT_TARGET = 13.2;
				MTL_ENABLE_DEBUG_INFO = INCLUDE_SOURCE;
				MTL_FAST_MATH = YES;
				ONLY_ACTIVE_ARCH = YES;
				SDKROOT = iphoneos;
				SWIFT_ACTIVE_COMPILATION_CONDITIONS = DEBUG;
				SWIFT_OPTIMIZATION_LEVEL = "-Onone";
			};
			name = Debug;
		};
		5E9374972432A918007AD2EC /* Release */ = {
			isa = XCBuildConfiguration;
			buildSettings = {
				ALWAYS_SEARCH_USER_PATHS = NO;
				CLANG_ANALYZER_NONNULL = YES;
				CLANG_ANALYZER_NUMBER_OBJECT_CONVERSION = YES_AGGRESSIVE;
				CLANG_CXX_LANGUAGE_STANDARD = "gnu++14";
				CLANG_CXX_LIBRARY = "libc++";
				CLANG_ENABLE_MODULES = YES;
				CLANG_ENABLE_OBJC_ARC = YES;
				CLANG_ENABLE_OBJC_WEAK = YES;
				CLANG_WARN_BLOCK_CAPTURE_AUTORELEASING = YES;
				CLANG_WARN_BOOL_CONVERSION = YES;
				CLANG_WARN_COMMA = YES;
				CLANG_WARN_CONSTANT_CONVERSION = YES;
				CLANG_WARN_DEPRECATED_OBJC_IMPLEMENTATIONS = YES;
				CLANG_WARN_DIRECT_OBJC_ISA_USAGE = YES_ERROR;
				CLANG_WARN_DOCUMENTATION_COMMENTS = YES;
				CLANG_WARN_EMPTY_BODY = YES;
				CLANG_WARN_ENUM_CONVERSION = YES;
				CLANG_WARN_INFINITE_RECURSION = YES;
				CLANG_WARN_INT_CONVERSION = YES;
				CLANG_WARN_NON_LITERAL_NULL_CONVERSION = YES;
				CLANG_WARN_OBJC_IMPLICIT_RETAIN_SELF = YES;
				CLANG_WARN_OBJC_LITERAL_CONVERSION = YES;
				CLANG_WARN_OBJC_ROOT_CLASS = YES_ERROR;
				CLANG_WARN_RANGE_LOOP_ANALYSIS = YES;
				CLANG_WARN_STRICT_PROTOTYPES = YES;
				CLANG_WARN_SUSPICIOUS_MOVE = YES;
				CLANG_WARN_UNGUARDED_AVAILABILITY = YES_AGGRESSIVE;
				CLANG_WARN_UNREACHABLE_CODE = YES;
				CLANG_WARN__DUPLICATE_METHOD_MATCH = YES;
				COPY_PHASE_STRIP = NO;
				DEBUG_INFORMATION_FORMAT = "dwarf-with-dsym";
				ENABLE_NS_ASSERTIONS = NO;
				ENABLE_STRICT_OBJC_MSGSEND = YES;
				GCC_C_LANGUAGE_STANDARD = gnu11;
				GCC_NO_COMMON_BLOCKS = YES;
				GCC_WARN_64_TO_32_BIT_CONVERSION = YES;
				GCC_WARN_ABOUT_RETURN_TYPE = YES_ERROR;
				GCC_WARN_UNDECLARED_SELECTOR = YES;
				GCC_WARN_UNINITIALIZED_AUTOS = YES_AGGRESSIVE;
				GCC_WARN_UNUSED_FUNCTION = YES;
				GCC_WARN_UNUSED_VARIABLE = YES;
				IPHONEOS_DEPLOYMENT_TARGET = 13.2;
				MTL_ENABLE_DEBUG_INFO = NO;
				MTL_FAST_MATH = YES;
				SDKROOT = iphoneos;
				SWIFT_COMPILATION_MODE = wholemodule;
				SWIFT_OPTIMIZATION_LEVEL = "-O";
				VALIDATE_PRODUCT = YES;
			};
			name = Release;
		};
		5E9374992432A918007AD2EC /* Debug */ = {
			isa = XCBuildConfiguration;
			buildSettings = {
				ASSETCATALOG_COMPILER_APPICON_NAME = AppIcon;
				CODE_SIGN_ENTITLEMENTS = "Fitness Tracker (Final)/Fitness Tracker (Final).entitlements";
				CODE_SIGN_STYLE = Automatic;
				INFOPLIST_FILE = "Fitness Tracker (Final)/Info.plist";
				LD_RUNPATH_SEARCH_PATHS = (
					"$(inherited)",
					"@executable_path/Frameworks",
				);
				PRODUCT_BUNDLE_IDENTIFIER = "com.example.Fitness-Tracker--Final-";
				PRODUCT_NAME = "$(TARGET_NAME)";
				SWIFT_VERSION = 5.0;
				TARGETED_DEVICE_FAMILY = "1,2";
			};
			name = Debug;
		};
		5E93749A2432A918007AD2EC /* Release */ = {
			isa = XCBuildConfiguration;
			buildSettings = {
				ASSETCATALOG_COMPILER_APPICON_NAME = AppIcon;
				CODE_SIGN_ENTITLEMENTS = "Fitness Tracker (Final)/Fitness Tracker (Final).entitlements";
				CODE_SIGN_STYLE = Automatic;
				INFOPLIST_FILE = "Fitness Tracker (Final)/Info.plist";
				LD_RUNPATH_SEARCH_PATHS = (
					"$(inherited)",
					"@executable_path/Frameworks",
				);
				PRODUCT_BUNDLE_IDENTIFIER = "com.example.Fitness-Tracker--Final-";
				PRODUCT_NAME = "$(TARGET_NAME)";
				SWIFT_VERSION = 5.0;
				TARGETED_DEVICE_FAMILY = "1,2";
			};
			name = Release;
		};
		5E93749C2432A918007AD2EC /* Debug */ = {
			isa = XCBuildConfiguration;
			buildSettings = {
				ALWAYS_EMBED_SWIFT_STANDARD_LIBRARIES = YES;
				BUNDLE_LOADER = "$(TEST_HOST)";
				CODE_SIGN_STYLE = Automatic;
				INFOPLIST_FILE = "Fitness Tracker (Final)Tests/Info.plist";
				IPHONEOS_DEPLOYMENT_TARGET = 13.2;
				LD_RUNPATH_SEARCH_PATHS = (
					"$(inherited)",
					"@executable_path/Frameworks",
					"@loader_path/Frameworks",
				);
				PRODUCT_BUNDLE_IDENTIFIER = "com.example.Fitness-Tracker--Final-Tests";
				PRODUCT_NAME = "$(TARGET_NAME)";
				SWIFT_VERSION = 5.0;
				TARGETED_DEVICE_FAMILY = "1,2";
				TEST_HOST = "$(BUILT_PRODUCTS_DIR)/Fitness Tracker (Final).app/Fitness Tracker (Final)";
			};
			name = Debug;
		};
		5E93749D2432A918007AD2EC /* Release */ = {
			isa = XCBuildConfiguration;
			buildSettings = {
				ALWAYS_EMBED_SWIFT_STANDARD_LIBRARIES = YES;
				BUNDLE_LOADER = "$(TEST_HOST)";
				CODE_SIGN_STYLE = Automatic;
				INFOPLIST_FILE = "Fitness Tracker (Final)Tests/Info.plist";
				IPHONEOS_DEPLOYMENT_TARGET = 13.2;
				LD_RUNPATH_SEARCH_PATHS = (
					"$(inherited)",
					"@executable_path/Frameworks",
					"@loader_path/Frameworks",
				);
				PRODUCT_BUNDLE_IDENTIFIER = "com.example.Fitness-Tracker--Final-Tests";
				PRODUCT_NAME = "$(TARGET_NAME)";
				SWIFT_VERSION = 5.0;
				TARGETED_DEVICE_FAMILY = "1,2";
				TEST_HOST = "$(BUILT_PRODUCTS_DIR)/Fitness Tracker (Final).app/Fitness Tracker (Final)";
			};
			name = Release;
		};
/* End XCBuildConfiguration section */

/* Begin XCConfigurationList section */
		5E9374742432A90C007AD2EC /* Build configuration list for PBXProject "Fitness Tracker (Final)" */ = {
			isa = XCConfigurationList;
			buildConfigurations = (
				5E9374962432A918007AD2EC /* Debug */,
				5E9374972432A918007AD2EC /* Release */,
			);
			defaultConfigurationIsVisible = 0;
			defaultConfigurationName = Release;
		};
		5E9374982432A918007AD2EC /* Build configuration list for PBXNativeTarget "Fitness Tracker (Final)" */ = {
			isa = XCConfigurationList;
			buildConfigurations = (
				5E9374992432A918007AD2EC /* Debug */,
				5E93749A2432A918007AD2EC /* Release */,
			);
			defaultConfigurationIsVisible = 0;
			defaultConfigurationName = Release;
		};
		5E93749B2432A918007AD2EC /* Build configuration list for PBXNativeTarget "Fitness Tracker (Final)Tests" */ = {
			isa = XCConfigurationList;
			buildConfigurations = (
				5E93749C2432A918007AD2EC /* Debug */,
				5E93749D2432A918007AD2EC /* Release */,
			);
			defaultConfigurationIsVisible = 0;
			defaultConfigurationName = Release;
		};
/* End XCConfigurationList section */
	};
	rootObject = 5E9374712432A90C007AD2EC /* Project object */;
}
